
Microsoft Visual Studio Solution File, Format Version 12.00
# Visual Studio Version 16
VisualStudioVersion = 16.0.31321.278
MinimumVisualStudioVersion = 10.0.40219.1
Project("{FAE04EC0-301F-11D3-BF4B-00C04F79EFBC}") = "AccesoDatosRestaurante", "AccesoDatosRestaurante\AccesoDatosRestaurante.csproj", "{6BACA78C-AABC-464B-9FB8-A46D6A05D827}"
EndProject
Project("{FAE04EC0-301F-11D3-BF4B-00C04F79EFBC}") = "LogicaNecocioRestaurante", "LogicaNecocioRestaurante\LogicaNecocioRestaurante.csproj", "{BE72384D-5C35-4FC2-AF3D-840CA50ACA1F}"
EndProject
Project("{FAE04EC0-301F-11D3-BF4B-00C04F79EFBC}") = "EntidadesRestaurante", "EntidadesRestaurante\EntidadesRestaurante.csproj", "{17D53B83-0F97-4F70-8B6C-E380DED6E7A6}"
EndProject
Project("{FAE04EC0-301F-11D3-BF4B-00C04F79EFBC}") = "PresentacionesRestaurante", "PresentacionesRestaurante\PresentacionesRestaurante.csproj", "{48CC4AD2-94AD-45D3-B06B-5E56DE90D5DA}"
EndProject
Global
	GlobalSection(SolutionConfigurationPlatforms) = preSolution
		Debug|Any CPU = Debug|Any CPU
		Release|Any CPU = Release|Any CPU
	EndGlobalSection
	GlobalSection(ProjectConfigurationPlatforms) = postSolution
		{6BACA78C-AABC-464B-9FB8-A46D6A05D827}.Debug|Any CPU.ActiveCfg = Debug|Any CPU
		{6BACA78C-AABC-464B-9FB8-A46D6A05D827}.Debug|Any CPU.Build.0 = Debug|Any CPU
		{6BACA78C-AABC-464B-9FB8-A46D6A05D827}.Release|Any CPU.ActiveCfg = Release|Any CPU
		{6BACA78C-AABC-464B-9FB8-A46D6A05D827}.Release|Any CPU.Build.0 = Release|Any CPU
		{BE72384D-5C35-4FC2-AF3D-840CA50ACA1F}.Debug|Any CPU.ActiveCfg = Debug|Any CPU
		{BE72384D-5C35-4FC2-AF3D-840CA50ACA1F}.Debug|Any CPU.Build.0 = Debug|Any CPU
		{BE72384D-5C35-4FC2-AF3D-840CA50ACA1F}.Release|Any CPU.ActiveCfg = Release|Any CPU
		{BE72384D-5C35-4FC2-AF3D-840CA50ACA1F}.Release|Any CPU.Build.0 = Release|Any CPU
		{17D53B83-0F97-4F70-8B6C-E380DED6E7A6}.Debug|Any CPU.ActiveCfg = Debug|Any CPU
		{17D53B83-0F97-4F70-8B6C-E380DED6E7A6}.Debug|Any CPU.Build.0 = Debug|Any CPU
		{17D53B83-0F97-4F70-8B6C-E380DED6E7A6}.Release|Any CPU.ActiveCfg = Release|Any CPU
		{17D53B83-0F97-4F70-8B6C-E380DED6E7A6}.Release|Any CPU.Build.0 = Release|Any CPU
		{48CC4AD2-94AD-45D3-B06B-5E56DE90D5DA}.Debug|Any CPU.ActiveCfg = Debug|Any CPU
		{48CC4AD2-94AD-45D3-B06B-5E56DE90D5DA}.Debug|Any CPU.Build.0 = Debug|Any CPU
		{48CC4AD2-94AD-45D3-B06B-5E56DE90D5DA}.Release|Any CPU.ActiveCfg = Release|Any CPU
		{48CC4AD2-94AD-45D3-B06B-5E56DE90D5DA}.Release|Any CPU.Build.0 = Release|Any CPU
	EndGlobalSection
	GlobalSection(SolutionProperties) = preSolution
		HideSolutionNode = FALSE
	EndGlobalSection
	GlobalSection(ExtensibilityGlobals) = postSolution
		SolutionGuid = {C0CDB87A-C1A0-4AE5-98CF-CCFD50D7CB2D}
	EndGlobalSection
EndGlobal
